// !$*UTF8*$!
{
	archiveVersion = 1;
	classes = {
	};
	objectVersion = 56;
	objects = {

/* Begin PBXBuildFile section */
		63BCB2162935F37600A92C81 /* AppDelegate.swift in Sources */ = {isa = PBXBuildFile; fileRef = 63BCB2152935F37600A92C81 /* AppDelegate.swift */; };
		63BCB2182935F37600A92C81 /* SceneDelegate.swift in Sources */ = {isa = PBXBuildFile; fileRef = 63BCB2172935F37600A92C81 /* SceneDelegate.swift */; };
		63BCB21A2935F37600A92C81 /* ViewController.swift in Sources */ = {isa = PBXBuildFile; fileRef = 63BCB2192935F37600A92C81 /* ViewController.swift */; };
		63BCB21D2935F37600A92C81 /* Main.storyboard in Resources */ = {isa = PBXBuildFile; fileRef = 63BCB21B2935F37600A92C81 /* Main.storyboard */; };
		63BCB21F2935F37700A92C81 /* Assets.xcassets in Resources */ = {isa = PBXBuildFile; fileRef = 63BCB21E2935F37700A92C81 /* Assets.xcassets */; };
		63BCB2222935F37700A92C81 /* LaunchScreen.storyboard in Resources */ = {isa = PBXBuildFile; fileRef = 63BCB2202935F37700A92C81 /* LaunchScreen.storyboard */; };
		63BCB22D2935F37700A92C81 /* TempConverterTests.swift in Sources */ = {isa = PBXBuildFile; fileRef = 63BCB22C2935F37700A92C81 /* TempConverterTests.swift */; };
		63BCB2372935F37700A92C81 /* TempConverterUITests.swift in Sources */ = {isa = PBXBuildFile; fileRef = 63BCB2362935F37700A92C81 /* TempConverterUITests.swift */; };
		63BCB2392935F37700A92C81 /* TempConverterUITestsLaunchTests.swift in Sources */ = {isa = PBXBuildFile; fileRef = 63BCB2382935F37700A92C81 /* TempConverterUITestsLaunchTests.swift */; };
		63BCB246293601F200A92C81 /* CelsiusConverter.swift in Sources */ = {isa = PBXBuildFile; fileRef = 63BCB245293601F200A92C81 /* CelsiusConverter.swift */; };
/* End PBXBuildFile section */

/* Begin PBXContainerItemProxy section */
		63BCB2292935F37700A92C81 /* PBXContainerItemProxy */ = {
			isa = PBXContainerItemProxy;
			containerPortal = 63BCB20A2935F37600A92C81 /* Project object */;
			proxyType = 1;
			remoteGlobalIDString = 63BCB2112935F37600A92C81;
			remoteInfo = TempConverter;
		};
		63BCB2332935F37700A92C81 /* PBXContainerItemProxy */ = {
			isa = PBXContainerItemProxy;
			containerPortal = 63BCB20A2935F37600A92C81 /* Project object */;
			proxyType = 1;
			remoteGlobalIDString = 63BCB2112935F37600A92C81;
			remoteInfo = TempConverter;
		};
/* End PBXContainerItemProxy section */

/* Begin PBXFileReference section */
		63BCB2122935F37600A92C81 /* TempConverter.app */ = {isa = PBXFileReference; explicitFileType = wrapper.application; includeInIndex = 0; path = TempConverter.app; sourceTree = BUILT_PRODUCTS_DIR; };
		63BCB2152935F37600A92C81 /* AppDelegate.swift */ = {isa = PBXFileReference; lastKnownFileType = sourcecode.swift; path = AppDelegate.swift; sourceTree = "<group>"; };
		63BCB2172935F37600A92C81 /* SceneDelegate.swift */ = {isa = PBXFileReference; lastKnownFileType = sourcecode.swift; path = SceneDelegate.swift; sourceTree = "<group>"; };
		63BCB2192935F37600A92C81 /* ViewController.swift */ = {isa = PBXFileReference; lastKnownFileType = sourcecode.swift; path = ViewController.swift; sourceTree = "<group>"; };
		63BCB21C2935F37600A92C81 /* Base */ = {isa = PBXFileReference; lastKnownFileType = file.storyboard; name = Base; path = Base.lproj/Main.storyboard; sourceTree = "<group>"; };
		63BCB21E2935F37700A92C81 /* Assets.xcassets */ = {isa = PBXFileReference; lastKnownFileType = folder.assetcatalog; path = Assets.xcassets; sourceTree = "<group>"; };
		63BCB2212935F37700A92C81 /* Base */ = {isa = PBXFileReference; lastKnownFileType = file.storyboard; name = Base; path = Base.lproj/LaunchScreen.storyboard; sourceTree = "<group>"; };
		63BCB2232935F37700A92C81 /* Info.plist */ = {isa = PBXFileReference; lastKnownFileType = text.plist.xml; path = Info.plist; sourceTree = "<group>"; };
		63BCB2282935F37700A92C81 /* TempConverterTests.xctest */ = {isa = PBXFileReference; explicitFileType = wrapper.cfbundle; includeInIndex = 0; path = TempConverterTests.xctest; sourceTree = BUILT_PRODUCTS_DIR; };
		63BCB22C2935F37700A92C81 /* TempConverterTests.swift */ = {isa = PBXFileReference; lastKnownFileType = sourcecode.swift; path = TempConverterTests.swift; sourceTree = "<group>"; };
		63BCB2322935F37700A92C81 /* TempConverterUITests.xctest */ = {isa = PBXFileReference; explicitFileType = wrapper.cfbundle; includeInIndex = 0; path = TempConverterUITests.xctest; sourceTree = BUILT_PRODUCTS_DIR; };
		63BCB2362935F37700A92C81 /* TempConverterUITests.swift */ = {isa = PBXFileReference; lastKnownFileType = sourcecode.swift; path = TempConverterUITests.swift; sourceTree = "<group>"; };
		63BCB2382935F37700A92C81 /* TempConverterUITestsLaunchTests.swift */ = {isa = PBXFileReference; lastKnownFileType = sourcecode.swift; path = TempConverterUITestsLaunchTests.swift; sourceTree = "<group>"; };
		63BCB245293601F200A92C81 /* CelsiusConverter.swift */ = {isa = PBXFileReference; lastKnownFileType = sourcecode.swift; path = CelsiusConverter.swift; sourceTree = "<group>"; };
/* End PBXFileReference section */

/* Begin PBXFrameworksBuildPhase section */
		63BCB20F2935F37600A92C81 /* Frameworks */ = {
			isa = PBXFrameworksBuildPhase;
			buildActionMask = 2147483647;
			files = (
			);
			runOnlyForDeploymentPostprocessing = 0;
		};
		63BCB2252935F37700A92C81 /* Frameworks */ = {
			isa = PBXFrameworksBuildPhase;
			buildActionMask = 2147483647;
			files = (
			);
			runOnlyForDeploymentPostprocessing = 0;
		};
		63BCB22F2935F37700A92C81 /* Frameworks */ = {
			isa = PBXFrameworksBuildPhase;
			buildActionMask = 2147483647;
			files = (
			);
			runOnlyForDeploymentPostprocessing = 0;
		};
/* End PBXFrameworksBuildPhase section */

/* Begin PBXGroup section */
		63BCB2092935F37600A92C81 = {
			isa = PBXGroup;
			children = (
				63BCB2142935F37600A92C81 /* TempConverter */,
				63BCB22B2935F37700A92C81 /* TempConverterTests */,
				63BCB2352935F37700A92C81 /* TempConverterUITests */,
				63BCB2132935F37600A92C81 /* Products */,
			);
			sourceTree = "<group>";
		};
		63BCB2132935F37600A92C81 /* Products */ = {
			isa = PBXGroup;
			children = (
				63BCB2122935F37600A92C81 /* TempConverter.app */,
				63BCB2282935F37700A92C81 /* TempConverterTests.xctest */,
				63BCB2322935F37700A92C81 /* TempConverterUITests.xctest */,
			);
			name = Products;
			sourceTree = "<group>";
		};
		63BCB2142935F37600A92C81 /* TempConverter */ = {
			isa = PBXGroup;
			children = (
				63BCB2152935F37600A92C81 /* AppDelegate.swift */,
				63BCB2172935F37600A92C81 /* SceneDelegate.swift */,
				63BCB2192935F37600A92C81 /* ViewController.swift */,
				63BCB21B2935F37600A92C81 /* Main.storyboard */,
				63BCB21E2935F37700A92C81 /* Assets.xcassets */,
				63BCB2202935F37700A92C81 /* LaunchScreen.storyboard */,
				63BCB2232935F37700A92C81 /* Info.plist */,
				63BCB245293601F200A92C81 /* CelsiusConverter.swift */,
			);
			path = TempConverter;
			sourceTree = "<group>";
		};
		63BCB22B2935F37700A92C81 /* TempConverterTests */ = {
			isa = PBXGroup;
			children = (
				63BCB22C2935F37700A92C81 /* TempConverterTests.swift */,
			);
			path = TempConverterTests;
			sourceTree = "<group>";
		};
		63BCB2352935F37700A92C81 /* TempConverterUITests */ = {
			isa = PBXGroup;
			children = (
				63BCB2362935F37700A92C81 /* TempConverterUITests.swift */,
				63BCB2382935F37700A92C81 /* TempConverterUITestsLaunchTests.swift */,
			);
			path = TempConverterUITests;
			sourceTree = "<group>";
		};
/* End PBXGroup section */

/* Begin PBXNativeTarget section */
		63BCB2112935F37600A92C81 /* TempConverter */ = {
			isa = PBXNativeTarget;
			buildConfigurationList = 63BCB23C2935F37700A92C81 /* Build configuration list for PBXNativeTarget "TempConverter" */;
			buildPhases = (
				63BCB20E2935F37600A92C81 /* Sources */,
				63BCB20F2935F37600A92C81 /* Frameworks */,
				63BCB2102935F37600A92C81 /* Resources */,
			);
			buildRules = (
			);
			dependencies = (
			);
			name = TempConverter;
			productName = TempConverter;
			productReference = 63BCB2122935F37600A92C81 /* TempConverter.app */;
			productType = "com.apple.product-type.application";
		};
		63BCB2272935F37700A92C81 /* TempConverterTests */ = {
			isa = PBXNativeTarget;
			buildConfigurationList = 63BCB23F2935F37700A92C81 /* Build configuration list for PBXNativeTarget "TempConverterTests" */;
			buildPhases = (
				63BCB2242935F37700A92C81 /* Sources */,
				63BCB2252935F37700A92C81 /* Frameworks */,
				63BCB2262935F37700A92C81 /* Resources */,
			);
			buildRules = (
			);
			dependencies = (
				63BCB22A2935F37700A92C81 /* PBXTargetDependency */,
			);
			name = TempConverterTests;
			productName = TempConverterTests;
			productReference = 63BCB2282935F37700A92C81 /* TempConverterTests.xctest */;
			productType = "com.apple.product-type.bundle.unit-test";
		};
		63BCB2312935F37700A92C81 /* TempConverterUITests */ = {
			isa = PBXNativeTarget;
			buildConfigurationList = 63BCB2422935F37700A92C81 /* Build configuration list for PBXNativeTarget "TempConverterUITests" */;
			buildPhases = (
				63BCB22E2935F37700A92C81 /* Sources */,
				63BCB22F2935F37700A92C81 /* Frameworks */,
				63BCB2302935F37700A92C81 /* Resources */,
			);
			buildRules = (
			);
			dependencies = (
				63BCB2342935F37700A92C81 /* PBXTargetDependency */,
			);
			name = TempConverterUITests;
			productName = TempConverterUITests;
			productReference = 63BCB2322935F37700A92C81 /* TempConverterUITests.xctest */;
			productType = "com.apple.product-type.bundle.ui-testing";
		};
/* End PBXNativeTarget section */

/* Begin PBXProject section */
		63BCB20A2935F37600A92C81 /* Project object */ = {
			isa = PBXProject;
			attributes = {
				BuildIndependentTargetsInParallel = 1;
				LastSwiftUpdateCheck = 1410;
				LastUpgradeCheck = 1410;
				TargetAttributes = {
					63BCB2112935F37600A92C81 = {
						CreatedOnToolsVersion = 14.1;
					};
					63BCB2272935F37700A92C81 = {
						CreatedOnToolsVersion = 14.1;
						TestTargetID = 63BCB2112935F37600A92C81;
					};
					63BCB2312935F37700A92C81 = {
						CreatedOnToolsVersion = 14.1;
						TestTargetID = 63BCB2112935F37600A92C81;
					};
				};
			};
			buildConfigurationList = 63BCB20D2935F37600A92C81 /* Build configuration list for PBXProject "TempConverter" */;
			compatibilityVersion = "Xcode 14.0";
			developmentRegion = en;
			hasScannedForEncodings = 0;
			knownRegions = (
				en,
				Base,
			);
			mainGroup = 63BCB2092935F37600A92C81;
			productRefGroup = 63BCB2132935F37600A92C81 /* Products */;
			projectDirPath = "";
			projectRoot = "";
			targets = (
				63BCB2112935F37600A92C81 /* TempConverter */,
				63BCB2272935F37700A92C81 /* TempConverterTests */,
				63BCB2312935F37700A92C81 /* TempConverterUITests */,
			);
		};
/* End PBXProject section */

/* Begin PBXResourcesBuildPhase section */
		63BCB2102935F37600A92C81 /* Resources */ = {
			isa = PBXResourcesBuildPhase;
			buildActionMask = 2147483647;
			files = (
				63BCB2222935F37700A92C81 /* LaunchScreen.storyboard in Resources */,
				63BCB21F2935F37700A92C81 /* Assets.xcassets in Resources */,
				63BCB21D2935F37600A92C81 /* Main.storyboard in Resources */,
			);
			runOnlyForDeploymentPostprocessing = 0;
		};
		63BCB2262935F37700A92C81 /* Resources */ = {
			isa = PBXResourcesBuildPhase;
			buildActionMask = 2147483647;
			files = (
			);
			runOnlyForDeploymentPostprocessing = 0;
		};
		63BCB2302935F37700A92C81 /* Resources */ = {
			isa = PBXResourcesBuildPhase;
			buildActionMask = 2147483647;
			files = (
			);
			runOnlyForDeploymentPostprocessing = 0;
		};
/* End PBXResourcesBuildPhase section */

/* Begin PBXSourcesBuildPhase section */
		63BCB20E2935F37600A92C81 /* Sources */ = {
			isa = PBXSourcesBuildPhase;
			buildActionMask = 2147483647;
			files = (
				63BCB21A2935F37600A92C81 /* ViewController.swift in Sources */,
				63BCB246293601F200A92C81 /* CelsiusConverter.swift in Sources */,
				63BCB2162935F37600A92C81 /* AppDelegate.swift in Sources */,
				63BCB2182935F37600A92C81 /* SceneDelegate.swift in Sources */,
			);
			runOnlyForDeploymentPostprocessing = 0;
		};
		63BCB2242935F37700A92C81 /* Sources */ = {
			isa = PBXSourcesBuildPhase;
			buildActionMask = 2147483647;
			files = (
				63BCB22D2935F37700A92C81 /* TempConverterTests.swift in Sources */,
			);
			runOnlyForDeploymentPostprocessing = 0;
		};
		63BCB22E2935F37700A92C81 /* Sources */ = {
			isa = PBXSourcesBuildPhase;
			buildActionMask = 2147483647;
			files = (
				63BCB2372935F37700A92C81 /* TempConverterUITests.swift in Sources */,
				63BCB2392935F37700A92C81 /* TempConverterUITestsLaunchTests.swift in Sources */,
			);
			runOnlyForDeploymentPostprocessing = 0;
		};
/* End PBXSourcesBuildPhase section */

/* Begin PBXTargetDependency section */
		63BCB22A2935F37700A92C81 /* PBXTargetDependency */ = {
			isa = PBXTargetDependency;
			target = 63BCB2112935F37600A92C81 /* TempConverter */;
			targetProxy = 63BCB2292935F37700A92C81 /* PBXContainerItemProxy */;
		};
		63BCB2342935F37700A92C81 /* PBXTargetDependency */ = {
			isa = PBXTargetDependency;
			target = 63BCB2112935F37600A92C81 /* TempConverter */;
			targetProxy = 63BCB2332935F37700A92C81 /* PBXContainerItemProxy */;
		};
/* End PBXTargetDependency section */

/* Begin PBXVariantGroup section */
		63BCB21B2935F37600A92C81 /* Main.storyboard */ = {
			isa = PBXVariantGroup;
			children = (
				63BCB21C2935F37600A92C81 /* Base */,
			);
			name = Main.storyboard;
			sourceTree = "<group>";
		};
		63BCB2202935F37700A92C81 /* LaunchScreen.storyboard */ = {
			isa = PBXVariantGroup;
			children = (
				63BCB2212935F37700A92C81 /* Base */,
			);
			name = LaunchScreen.storyboard;
			sourceTree = "<group>";
		};
/* End PBXVariantGroup section */

/* Begin XCBuildConfiguration section */
		63BCB23A2935F37700A92C81 /* Debug */ = {
			isa = XCBuildConfiguration;
			buildSettings = {
				ALWAYS_SEARCH_USER_PATHS = NO;
				CLANG_ANALYZER_NONNULL = YES;
				CLANG_ANALYZER_NUMBER_OBJECT_CONVERSION = YES_AGGRESSIVE;
				CLANG_CXX_LANGUAGE_STANDARD = "gnu++20";
				CLANG_ENABLE_MODULES = YES;
				CLANG_ENABLE_OBJC_ARC = YES;
				CLANG_ENABLE_OBJC_WEAK = YES;
				CLANG_WARN_BLOCK_CAPTURE_AUTORELEASING = YES;
				CLANG_WARN_BOOL_CONVERSION = YES;
				CLANG_WARN_COMMA = YES;
				CLANG_WARN_CONSTANT_CONVERSION = YES;
				CLANG_WARN_DEPRECATED_OBJC_IMPLEMENTATIONS = YES;
				CLANG_WARN_DIRECT_OBJC_ISA_USAGE = YES_ERROR;
				CLANG_WARN_DOCUMENTATION_COMMENTS = YES;
				CLANG_WARN_EMPTY_BODY = YES;
				CLANG_WARN_ENUM_CONVERSION = YES;
				CLANG_WARN_INFINITE_RECURSION = YES;
				CLANG_WARN_INT_CONVERSION = YES;
				CLANG_WARN_NON_LITERAL_NULL_CONVERSION = YES;
				CLANG_WARN_OBJC_IMPLICIT_RETAIN_SELF = YES;
				CLANG_WARN_OBJC_LITERAL_CONVERSION = YES;
				CLANG_WARN_OBJC_ROOT_CLASS = YES_ERROR;
				CLANG_WARN_QUOTED_INCLUDE_IN_FRAMEWORK_HEADER = YES;
				CLANG_WARN_RANGE_LOOP_ANALYSIS = YES;
				CLANG_WARN_STRICT_PROTOTYPES = YES;
				CLANG_WARN_SUSPICIOUS_MOVE = YES;
				CLANG_WARN_UNGUARDED_AVAILABILITY = YES_AGGRESSIVE;
				CLANG_WARN_UNREACHABLE_CODE = YES;
				CLANG_WARN__DUPLICATE_METHOD_MATCH = YES;
				COPY_PHASE_STRIP = NO;
				DEBUG_INFORMATION_FORMAT = dwarf;
				ENABLE_STRICT_OBJC_MSGSEND = YES;
				ENABLE_TESTABILITY = YES;
				GCC_C_LANGUAGE_STANDARD = gnu11;
				GCC_DYNAMIC_NO_PIC = NO;
				GCC_NO_COMMON_BLOCKS = YES;
				GCC_OPTIMIZATION_LEVEL = 0;
				GCC_PREPROCESSOR_DEFINITIONS = (
					"DEBUG=1",
					"$(inherited)",
				);
				GCC_WARN_64_TO_32_BIT_CONVERSION = YES;
				GCC_WARN_ABOUT_RETURN_TYPE = YES_ERROR;
				GCC_WARN_UNDECLARED_SELECTOR = YES;
				GCC_WARN_UNINITIALIZED_AUTOS = YES_AGGRESSIVE;
				GCC_WARN_UNUSED_FUNCTION = YES;
				GCC_WARN_UNUSED_VARIABLE = YES;
				IPHONEOS_DEPLOYMENT_TARGET = 16.1;
				MTL_ENABLE_DEBUG_INFO = INCLUDE_SOURCE;
				MTL_FAST_MATH = YES;
				ONLY_ACTIVE_ARCH = YES;
				SDKROOT = iphoneos;
				SWIFT_ACTIVE_COMPILATION_CONDITIONS = DEBUG;
				SWIFT_OPTIMIZATION_LEVEL = "-Onone";
			};
			name = Debug;
		};
		63BCB23B2935F37700A92C81 /* Release */ = {
			isa = XCBuildConfiguration;
			buildSettings = {
				ALWAYS_SEARCH_USER_PATHS = NO;
				CLANG_ANALYZER_NONNULL = YES;
				CLANG_ANALYZER_NUMBER_OBJECT_CONVERSION = YES_AGGRESSIVE;
				CLANG_CXX_LANGUAGE_STANDARD = "gnu++20";
				CLANG_ENABLE_MODULES = YES;
				CLANG_ENABLE_OBJC_ARC = YES;
				CLANG_ENABLE_OBJC_WEAK = YES;
				CLANG_WARN_BLOCK_CAPTURE_AUTORELEASING = YES;
				CLANG_WARN_BOOL_CONVERSION = YES;
				CLANG_WARN_COMMA = YES;
				CLANG_WARN_CONSTANT_CONVERSION = YES;
				CLANG_WARN_DEPRECATED_OBJC_IMPLEMENTATIONS = YES;
				CLANG_WARN_DIRECT_OBJC_ISA_USAGE = YES_ERROR;
				CLANG_WARN_DOCUMENTATION_COMMENTS = YES;
				CLANG_WARN_EMPTY_BODY = YES;
				CLANG_WARN_ENUM_CONVERSION = YES;
				CLANG_WARN_INFINITE_RECURSION = YES;
				CLANG_WARN_INT_CONVERSION = YES;
				CLANG_WARN_NON_LITERAL_NULL_CONVERSION = YES;
				CLANG_WARN_OBJC_IMPLICIT_RETAIN_SELF = YES;
				CLANG_WARN_OBJC_LITERAL_CONVERSION = YES;
				CLANG_WARN_OBJC_ROOT_CLASS = YES_ERROR;
				CLANG_WARN_QUOTED_INCLUDE_IN_FRAMEWORK_HEADER = YES;
				CLANG_WARN_RANGE_LOOP_ANALYSIS = YES;
				CLANG_WARN_STRICT_PROTOTYPES = YES;
				CLANG_WARN_SUSPICIOUS_MOVE = YES;
				CLANG_WARN_UNGUARDED_AVAILABILITY = YES_AGGRESSIVE;
				CLANG_WARN_UNREACHABLE_CODE = YES;
				CLANG_WARN__DUPLICATE_METHOD_MATCH = YES;
				COPY_PHASE_STRIP = NO;
				DEBUG_INFORMATION_FORMAT = "dwarf-with-dsym";
				ENABLE_NS_ASSERTIONS = NO;
				ENABLE_STRICT_OBJC_MSGSEND = YES;
				GCC_C_LANGUAGE_STANDARD = gnu11;
				GCC_NO_COMMON_BLOCKS = YES;
				GCC_WARN_64_TO_32_BIT_CONVERSION = YES;
				GCC_WARN_ABOUT_RETURN_TYPE = YES_ERROR;
				GCC_WARN_UNDECLARED_SELECTOR = YES;
				GCC_WARN_UNINITIALIZED_AUTOS = YES_AGGRESSIVE;
				GCC_WARN_UNUSED_FUNCTION = YES;
				GCC_WARN_UNUSED_VARIABLE = YES;
				IPHONEOS_DEPLOYMENT_TARGET = 16.1;
				MTL_ENABLE_DEBUG_INFO = NO;
				MTL_FAST_MATH = YES;
				SDKROOT = iphoneos;
				SWIFT_COMPILATION_MODE = wholemodule;
				SWIFT_OPTIMIZATION_LEVEL = "-O";
				VALIDATE_PRODUCT = YES;
			};
			name = Release;
		};
		63BCB23D2935F37700A92C81 /* Debug */ = {
			isa = XCBuildConfiguration;
			buildSettings = {
				ASSETCATALOG_COMPILER_APPICON_NAME = AppIcon;
				ASSETCATALOG_COMPILER_GLOBAL_ACCENT_COLOR_NAME = AccentColor;
				CODE_SIGN_STYLE = Automatic;
				CURRENT_PROJECT_VERSION = 1;
				DEVELOPMENT_TEAM = GYVUGUT77Q;
				GENERATE_INFOPLIST_FILE = YES;
				INFOPLIST_FILE = TempConverter/Info.plist;
				INFOPLIST_KEY_UIApplicationSupportsIndirectInputEvents = YES;
				INFOPLIST_KEY_UILaunchStoryboardName = LaunchScreen;
				INFOPLIST_KEY_UIMainStoryboardFile = Main;
				INFOPLIST_KEY_UISupportedInterfaceOrientations_iPad = "UIInterfaceOrientationPortrait UIInterfaceOrientationPortraitUpsideDown UIInterfaceOrientationLandscapeLeft UIInterfaceOrientationLandscapeRight";
				INFOPLIST_KEY_UISupportedInterfaceOrientations_iPhone = "UIInterfaceOrientationPortrait UIInterfaceOrientationLandscapeLeft UIInterfaceOrientationLandscapeRight";
				LD_RUNPATH_SEARCH_PATHS = (
					"$(inherited)",
					"@executable_path/Frameworks",
				);
				MARKETING_VERSION = 1.0;
				PRODUCT_BUNDLE_IDENTIFIER = com.example.TempConverter;
				PRODUCT_NAME = "$(TARGET_NAME)";
				SWIFT_EMIT_LOC_STRINGS = YES;
				SWIFT_VERSION = 5.0;
				TARGETED_DEVICE_FAMILY = "1,2";
			};
			name = Debug;
		};
		63BCB23E2935F37700A92C81 /* Release */ = {
			isa = XCBuildConfiguration;
			buildSettings = {
				ASSETCATALOG_COMPILER_APPICON_NAME = AppIcon;
				ASSETCATALOG_COMPILER_GLOBAL_ACCENT_COLOR_NAME = AccentColor;
				CODE_SIGN_STYLE = Automatic;
				CURRENT_PROJECT_VERSION = 1;
				DEVELOPMENT_TEAM = GYVUGUT77Q;
				GENERATE_INFOPLIST_FILE = YES;
				INFOPLIST_FILE = TempConverter/Info.plist;
				INFOPLIST_KEY_UIApplicationSupportsIndirectInputEvents = YES;
				INFOPLIST_KEY_UILaunchStoryboardName = LaunchScreen;
				INFOPLIST_KEY_UIMainStoryboardFile = Main;
				INFOPLIST_KEY_UISupportedInterfaceOrientations_iPad = "UIInterfaceOrientationPortrait UIInterfaceOrientationPortraitUpsideDown UIInterfaceOrientationLandscapeLeft UIInterfaceOrientationLandscapeRight";
				INFOPLIST_KEY_UISupportedInterfaceOrientations_iPhone = "UIInterfaceOrientationPortrait UIInterfaceOrientationLandscapeLeft UIInterfaceOrientationLandscapeRight";
				LD_RUNPATH_SEARCH_PATHS = (
					"$(inherited)",
					"@executable_path/Frameworks",
				);
				MARKETING_VERSION = 1.0;
				PRODUCT_BUNDLE_IDENTIFIER = com.example.TempConverter;
				PRODUCT_NAME = "$(TARGET_NAME)";
				SWIFT_EMIT_LOC_STRINGS = YES;
				SWIFT_VERSION = 5.0;
				TARGETED_DEVICE_FAMILY = "1,2";
			};
			name = Release;
		};
		63BCB2402935F37700A92C81 /* Debug */ = {
			isa = XCBuildConfiguration;
			buildSettings = {
				ALWAYS_EMBED_SWIFT_STANDARD_LIBRARIES = YES;
				BUNDLE_LOADER = "$(TEST_HOST)";
				CODE_SIGN_STYLE = Automatic;
				CURRENT_PROJECT_VERSION = 1;
				DEVELOPMENT_TEAM = GYVUGUT77Q;
				GENERATE_INFOPLIST_FILE = YES;
				IPHONEOS_DEPLOYMENT_TARGET = 16.1;
				MARKETING_VERSION = 1.0;
				PRODUCT_BUNDLE_IDENTIFIER = com.example.TempConverterTests;
				PRODUCT_NAME = "$(TARGET_NAME)";
				SWIFT_EMIT_LOC_STRINGS = NO;
				SWIFT_VERSION = 5.0;
				TARGETED_DEVICE_FAMILY = "1,2";
				TEST_HOST = "$(BUILT_PRODUCTS_DIR)/TempConverter.app/$(BUNDLE_EXECUTABLE_FOLDER_PATH)/TempConverter";
			};
			name = Debug;
		};
		63BCB2412935F37700A92C81 /* Release */ = {
			isa = XCBuildConfiguration;
			buildSettings = {
				ALWAYS_EMBED_SWIFT_STANDARD_LIBRARIES = YES;
				BUNDLE_LOADER = "$(TEST_HOST)";
				CODE_SIGN_STYLE = Automatic;
				CURRENT_PROJECT_VERSION = 1;
				DEVELOPMENT_TEAM = GYVUGUT77Q;
				GENERATE_INFOPLIST_FILE = YES;
				IPHONEOS_DEPLOYMENT_TARGET = 16.1;
				MARKETING_VERSION = 1.0;
				PRODUCT_BUNDLE_IDENTIFIER = com.example.TempConverterTests;
				PRODUCT_NAME = "$(TARGET_NAME)";
				SWIFT_EMIT_LOC_STRINGS = NO;
				SWIFT_VERSION = 5.0;
				TARGETED_DEVICE_FAMILY = "1,2";
				TEST_HOST = "$(BUILT_PRODUCTS_DIR)/TempConverter.app/$(BUNDLE_EXECUTABLE_FOLDER_PATH)/TempConverter";
			};
			name = Release;
		};
		63BCB2432935F37700A92C81 /* Debug */ = {
			isa = XCBuildConfiguration;
			buildSettings = {
				ALWAYS_EMBED_SWIFT_STANDARD_LIBRARIES = YES;
				CODE_SIGN_STYLE = Automatic;
				CURRENT_PROJECT_VERSION = 1;
				DEVELOPMENT_TEAM = GYVUGUT77Q;
				GENERATE_INFOPLIST_FILE = YES;
				MARKETING_VERSION = 1.0;
				PRODUCT_BUNDLE_IDENTIFIER = com.example.TempConverterUITests;
				PRODUCT_NAME = "$(TARGET_NAME)";
				SWIFT_EMIT_LOC_STRINGS = NO;
				SWIFT_VERSION = 5.0;
				TARGETED_DEVICE_FAMILY = "1,2";
				TEST_TARGET_NAME = TempConverter;
			};
			name = Debug;
		};
		63BCB2442935F37700A92C81 /* Release */ = {
			isa = XCBuildConfiguration;
			buildSettings = {
				ALWAYS_EMBED_SWIFT_STANDARD_LIBRARIES = YES;
				CODE_SIGN_STYLE = Automatic;
				CURRENT_PROJECT_VERSION = 1;
				DEVELOPMENT_TEAM = GYVUGUT77Q;
				GENERATE_INFOPLIST_FILE = YES;
				MARKETING_VERSION = 1.0;
				PRODUCT_BUNDLE_IDENTIFIER = com.example.TempConverterUITests;
				PRODUCT_NAME = "$(TARGET_NAME)";
				SWIFT_EMIT_LOC_STRINGS = NO;
				SWIFT_VERSION = 5.0;
				TARGETED_DEVICE_FAMILY = "1,2";
				TEST_TARGET_NAME = TempConverter;
			};
			name = Release;
		};
/* End XCBuildConfiguration section */

/* Begin XCConfigurationList section */
		63BCB20D2935F37600A92C81 /* Build configuration list for PBXProject "TempConverter" */ = {
			isa = XCConfigurationList;
			buildConfigurations = (
				63BCB23A2935F37700A92C81 /* Debug */,
				63BCB23B2935F37700A92C81 /* Release */,
			);
			defaultConfigurationIsVisible = 0;
			defaultConfigurationName = Release;
		};
		63BCB23C2935F37700A92C81 /* Build configuration list for PBXNativeTarget "TempConverter" */ = {
			isa = XCConfigurationList;
			buildConfigurations = (
				63BCB23D2935F37700A92C81 /* Debug */,
				63BCB23E2935F37700A92C81 /* Release */,
			);
			defaultConfigurationIsVisible = 0;
			defaultConfigurationName = Release;
		};
		63BCB23F2935F37700A92C81 /* Build configuration list for PBXNativeTarget "TempConverterTests" */ = {
			isa = XCConfigurationList;
			buildConfigurations = (
				63BCB2402935F37700A92C81 /* Debug */,
				63BCB2412935F37700A92C81 /* Release */,
			);
			defaultConfigurationIsVisible = 0;
			defaultConfigurationName = Release;
		};
		63BCB2422935F37700A92C81 /* Build configuration list for PBXNativeTarget "TempConverterUITests" */ = {
			isa = XCConfigurationList;
			buildConfigurations = (
				63BCB2432935F37700A92C81 /* Debug */,
				63BCB2442935F37700A92C81 /* Release */,
			);
			defaultConfigurationIsVisible = 0;
			defaultConfigurationName = Release;
		};
/* End XCConfigurationList section */
	};
	rootObject = 63BCB20A2935F37600A92C81 /* Project object */;
}
